
Microsoft Visual Studio Solution File, Format Version 12.00
# Visual Studio Version 16
VisualStudioVersion = 16.0.29613.14
MinimumVisualStudioVersion = 10.0.40219.1
Project("{FAE04EC0-301F-11D3-BF4B-00C04F79EFBC}") = "DBKeys", "DBKeys\DBKeys.csproj", "{8E7BEC42-205E-4F84-B6BB-A40110635BEB}"
EndProject
Global
	GlobalSection(SolutionConfigurationPlatforms) = preSolution
		Debug|Any CPU = Debug|Any CPU
		Release|Any CPU = Release|Any CPU
	EndGlobalSection
	GlobalSection(ProjectConfigurationPlatforms) = postSolution
		{8E7BEC42-205E-4F84-B6BB-A40110635BEB}.Debug|Any CPU.ActiveCfg = Debug|Any CPU
		{8E7BEC42-205E-4F84-B6BB-A40110635BEB}.Debug|Any CPU.Build.0 = Debug|Any CPU
		{8E7BEC42-205E-4F84-B6BB-A40110635BEB}.Release|Any CPU.ActiveCfg = Release|Any CPU
		{8E7BEC42-205E-4F84-B6BB-A40110635BEB}.Release|Any CPU.Build.0 = Release|Any CPU
	EndGlobalSection
	GlobalSection(SolutionProperties) = preSolution
		HideSolutionNode = FALSE
	EndGlobalSection
	GlobalSection(ExtensibilityGlobals) = postSolution
		SolutionGuid = {06490EBD-34FF-4850-A403-149636A2B788}
	EndGlobalSection
EndGlobal
